
Microsoft Visual Studio Solution File, Format Version 12.00
# Visual Studio 2013
VisualStudioVersion = 12.0.40629.0
MinimumVisualStudioVersion = 10.0.40219.1
Project("{FAE04EC0-301F-11D3-BF4B-00C04F79EFBC}") = "AnXinWH.ShiPin", "AnXinWH.ShiPin\AnXinWH.ShiPin.csproj", "{8C49DFCC-5F84-4CE9-AF6F-B81C4412B4F5}"
EndProject
Project("{FAE04EC0-301F-11D3-BF4B-00C04F79EFBC}") = "frameworkApi", "frameworkApi\frameworkApi.csproj", "{F0AB7205-723C-49F8-9F1E-556C3EEDC63A}"
EndProject
Project("{FAE04EC0-301F-11D3-BF4B-00C04F79EFBC}") = "AnXinWH.ShiPinTianDy", "AnXinWH.ShiPinTianDy\AnXinWH.ShiPinTianDy.csproj", "{2C68E71C-51E0-41A5-8B18-24D30AF574C3}"
EndProject
Project("{FAE04EC0-301F-11D3-BF4B-00C04F79EFBC}") = "frameworkApiTianDy", "frameworkApiTianDy\frameworkApiTianDy.csproj", "{ED6A49BA-AF32-4EB2-B959-C9B45F0F5BA5}"
EndProject
Project("{FAE04EC0-301F-11D3-BF4B-00C04F79EFBC}") = "AnXinWH.ShiPinWeb", "AnXinWH.ShiPinWeb\AnXinWH.ShiPinWeb.csproj", "{2006A34C-5F19-43A1-A1A8-90493E557449}"
EndProject
Project("{FAE04EC0-301F-11D3-BF4B-00C04F79EFBC}") = "AnXinWH.ShiPinTianDyOCX", "AnXinWH.ShiPinTianDyOCX\AnXinWH.ShiPinTianDyOCX.csproj", "{E6D6A260-7F97-4929-8863-47D9E70A75E9}"
EndProject
Project("{FAE04EC0-301F-11D3-BF4B-00C04F79EFBC}") = "AnXinWH.ShiPinZXVOCX", "AnXinWH.ShiPinZXVOCX\AnXinWH.ShiPinZXVOCX.csproj", "{B97BD0EC-33B5-48C6-88B0-5EACCE8373D7}"
EndProject
Project("{FAE04EC0-301F-11D3-BF4B-00C04F79EFBC}") = "AnXinWH.ShiPinNewVideo", "AnXinWH.ShiPinNewVideo\AnXinWH.ShiPinNewVideo.csproj", "{2B9E7D3A-3570-4E8F-BA70-5E8B8EAE37E6}"
EndProject
Global
	GlobalSection(SolutionConfigurationPlatforms) = preSolution
		Debug|Any CPU = Debug|Any CPU
		Release|Any CPU = Release|Any CPU
	EndGlobalSection
	GlobalSection(ProjectConfigurationPlatforms) = postSolution
		{8C49DFCC-5F84-4CE9-AF6F-B81C4412B4F5}.Debug|Any CPU.ActiveCfg = Debug|Any CPU
		{8C49DFCC-5F84-4CE9-AF6F-B81C4412B4F5}.Debug|Any CPU.Build.0 = Debug|Any CPU
		{8C49DFCC-5F84-4CE9-AF6F-B81C4412B4F5}.Release|Any CPU.ActiveCfg = Release|Any CPU
		{8C49DFCC-5F84-4CE9-AF6F-B81C4412B4F5}.Release|Any CPU.Build.0 = Release|Any CPU
		{F0AB7205-723C-49F8-9F1E-556C3EEDC63A}.Debug|Any CPU.ActiveCfg = Debug|Any CPU
		{F0AB7205-723C-49F8-9F1E-556C3EEDC63A}.Debug|Any CPU.Build.0 = Debug|Any CPU
		{F0AB7205-723C-49F8-9F1E-556C3EEDC63A}.Release|Any CPU.ActiveCfg = Release|Any CPU
		{F0AB7205-723C-49F8-9F1E-556C3EEDC63A}.Release|Any CPU.Build.0 = Release|Any CPU
		{2C68E71C-51E0-41A5-8B18-24D30AF574C3}.Debug|Any CPU.ActiveCfg = Debug|Any CPU
		{2C68E71C-51E0-41A5-8B18-24D30AF574C3}.Debug|Any CPU.Build.0 = Debug|Any CPU
		{2C68E71C-51E0-41A5-8B18-24D30AF574C3}.Release|Any CPU.ActiveCfg = Release|Any CPU
		{2C68E71C-51E0-41A5-8B18-24D30AF574C3}.Release|Any CPU.Build.0 = Release|Any CPU
		{ED6A49BA-AF32-4EB2-B959-C9B45F0F5BA5}.Debug|Any CPU.ActiveCfg = Debug|Any CPU
		{ED6A49BA-AF32-4EB2-B959-C9B45F0F5BA5}.Debug|Any CPU.Build.0 = Debug|Any CPU
		{ED6A49BA-AF32-4EB2-B959-C9B45F0F5BA5}.Release|Any CPU.ActiveCfg = Release|Any CPU
		{ED6A49BA-AF32-4EB2-B959-C9B45F0F5BA5}.Release|Any CPU.Build.0 = Release|Any CPU
		{2006A34C-5F19-43A1-A1A8-90493E557449}.Debug|Any CPU.ActiveCfg = Debug|Any CPU
		{2006A34C-5F19-43A1-A1A8-90493E557449}.Debug|Any CPU.Build.0 = Debug|Any CPU
		{2006A34C-5F19-43A1-A1A8-90493E557449}.Release|Any CPU.ActiveCfg = Release|Any CPU
		{2006A34C-5F19-43A1-A1A8-90493E557449}.Release|Any CPU.Build.0 = Release|Any CPU
		{E6D6A260-7F97-4929-8863-47D9E70A75E9}.Debug|Any CPU.ActiveCfg = Debug|Any CPU
		{E6D6A260-7F97-4929-8863-47D9E70A75E9}.Debug|Any CPU.Build.0 = Debug|Any CPU
		{E6D6A260-7F97-4929-8863-47D9E70A75E9}.Release|Any CPU.ActiveCfg = Release|Any CPU
		{E6D6A260-7F97-4929-8863-47D9E70A75E9}.Release|Any CPU.Build.0 = Release|Any CPU
		{B97BD0EC-33B5-48C6-88B0-5EACCE8373D7}.Debug|Any CPU.ActiveCfg = Debug|Any CPU
		{B97BD0EC-33B5-48C6-88B0-5EACCE8373D7}.Debug|Any CPU.Build.0 = Debug|Any CPU
		{B97BD0EC-33B5-48C6-88B0-5EACCE8373D7}.Release|Any CPU.ActiveCfg = Release|Any CPU
		{B97BD0EC-33B5-48C6-88B0-5EACCE8373D7}.Release|Any CPU.Build.0 = Release|Any CPU
		{2B9E7D3A-3570-4E8F-BA70-5E8B8EAE37E6}.Debug|Any CPU.ActiveCfg = Debug|Any CPU
		{2B9E7D3A-3570-4E8F-BA70-5E8B8EAE37E6}.Debug|Any CPU.Build.0 = Debug|Any CPU
		{2B9E7D3A-3570-4E8F-BA70-5E8B8EAE37E6}.Release|Any CPU.ActiveCfg = Release|Any CPU
		{2B9E7D3A-3570-4E8F-BA70-5E8B8EAE37E6}.Release|Any CPU.Build.0 = Release|Any CPU
	EndGlobalSection
	GlobalSection(SolutionProperties) = preSolution
		HideSolutionNode = FALSE
	EndGlobalSection
EndGlobal
