
Microsoft Visual Studio Solution File, Format Version 11.00
# Visual Studio 2010
Project("{54435603-DBB4-11D2-8724-00A0C9A8B90C}") = "AnXinWH.ShiPinTianDyOCXSetup", "AnXinWH.ShiPinTianDyOCXSetup.vdproj", "{B549560E-3C0B-4724-A50E-0213DF8355E9}"
EndProject
Global
	GlobalSection(SolutionConfigurationPlatforms) = preSolution
		Debug|Default = Debug|Default
		Release|Default = Release|Default
	EndGlobalSection
	GlobalSection(ProjectConfigurationPlatforms) = postSolution
		{B549560E-3C0B-4724-A50E-0213DF8355E9}.Debug|Default.ActiveCfg = Debug
		{B549560E-3C0B-4724-A50E-0213DF8355E9}.Debug|Default.Build.0 = Debug
		{B549560E-3C0B-4724-A50E-0213DF8355E9}.Release|Default.ActiveCfg = Release
		{B549560E-3C0B-4724-A50E-0213DF8355E9}.Release|Default.Build.0 = Release
	EndGlobalSection
	GlobalSection(SolutionProperties) = preSolution
		HideSolutionNode = FALSE
	EndGlobalSection
EndGlobal
